
Microsoft Visual Studio Solution File, Format Version 12.00
# Visual Studio Version 16
VisualStudioVersion = 16.0.29411.108
MinimumVisualStudioVersion = 10.0.40219.1
Project("{FAE04EC0-301F-11D3-BF4B-00C04F79EFBC}") = "CondoEntry", "CondoEntry\CondoEntry.csproj", "{90F3F126-3F1D-421D-9EE0-E44C814CE890}"
EndProject
Global
	GlobalSection(SolutionConfigurationPlatforms) = preSolution
		Debug|Any CPU = Debug|Any CPU
		Release|Any CPU = Release|Any CPU
	EndGlobalSection
	GlobalSection(ProjectConfigurationPlatforms) = postSolution
		{90F3F126-3F1D-421D-9EE0-E44C814CE890}.Debug|Any CPU.ActiveCfg = Debug|Any CPU
		{90F3F126-3F1D-421D-9EE0-E44C814CE890}.Debug|Any CPU.Build.0 = Debug|Any CPU
		{90F3F126-3F1D-421D-9EE0-E44C814CE890}.Release|Any CPU.ActiveCfg = Release|Any CPU
		{90F3F126-3F1D-421D-9EE0-E44C814CE890}.Release|Any CPU.Build.0 = Release|Any CPU
	EndGlobalSection
	GlobalSection(SolutionProperties) = preSolution
		HideSolutionNode = FALSE
	EndGlobalSection
	GlobalSection(ExtensibilityGlobals) = postSolution
		SolutionGuid = {DB98EE3B-6ECE-404D-9AA3-4BAB66254461}
	EndGlobalSection
EndGlobal
